Microsoft Visual Studio Solution File, Format Version 12.00
# 
VisualStudioVersion = 17.5.002.0
MinimumVisualStudioVersion = 10.0.40219.1
Project("{FAE04EC0-301F-11D3-BF4B-00C04F79EFBC}") = "sem5pi-24-25-g034", "sem5pi-24-25-g034.csproj", "{3AA2CDF8-FF00-4076-B693-BA095F09B629}"
EndProject
Global
	GlobalSection(SolutionConfigurationPlatforms) = preSolution
		Debug|Any CPU = Debug|Any CPU
		Release|Any CPU = Release|Any CPU
	EndGlobalSection
	GlobalSection(ProjectConfigurationPlatforms) = postSolution
		{3AA2CDF8-FF00-4076-B693-BA095F09B629}.Debug|Any CPU.ActiveCfg = Debug|Any CPU
		{3AA2CDF8-FF00-4076-B693-BA095F09B629}.Debug|Any CPU.Build.0 = Debug|Any CPU
		{3AA2CDF8-FF00-4076-B693-BA095F09B629}.Release|Any CPU.ActiveCfg = Release|Any CPU
		{3AA2CDF8-FF00-4076-B693-BA095F09B629}.Release|Any CPU.Build.0 = Release|Any CPU
	EndGlobalSection
	GlobalSection(SolutionProperties) = preSolution
		HideSolutionNode = FALSE
	EndGlobalSection
	GlobalSection(ExtensibilityGlobals) = postSolution
		SolutionGuid = {1ECFC89A-03AC-44D9-A058-7AAB24230772}
	EndGlobalSection
EndGlobal
